// !$*UTF8*$!
{
	archiveVersion = 1;
	classes = {
	};
	objectVersion = 51;
	objects = {

/* Begin PBXBuildFile section */
		27F06150B0B411B2E74F67DA /* Pods_SwiftUIFirestore.framework in Frameworks */ = {isa = PBXBuildFile; fileRef = 87BA0B83A2AEF8D802E4F257 /* Pods_SwiftUIFirestore.framework */; };
		3174EA6B7356733ABBDEEAD5 /* Pods_SwiftUIFirestoreTests.framework in Frameworks */ = {isa = PBXBuildFile; fileRef = 7ED115ED0D4B45FA61EC06D1 /* Pods_SwiftUIFirestoreTests.framework */; };
		49A0AB47244268C500BCA429 /* AppDelegate.swift in Sources */ = {isa = PBXBuildFile; fileRef = 49A0AB46244268C500BCA429 /* AppDelegate.swift */; };
		49A0AB49244268C500BCA429 /* SceneDelegate.swift in Sources */ = {isa = PBXBuildFile; fileRef = 49A0AB48244268C500BCA429 /* SceneDelegate.swift */; };
		49A0AB4B244268C500BCA429 /* TaskListView.swift in Sources */ = {isa = PBXBuildFile; fileRef = 49A0AB4A244268C500BCA429 /* TaskListView.swift */; };
		49A0AB4D244268C600BCA429 /* Assets.xcassets in Resources */ = {isa = PBXBuildFile; fileRef = 49A0AB4C244268C600BCA429 /* Assets.xcassets */; };
		49A0AB50244268C600BCA429 /* Preview Assets.xcassets in Resources */ = {isa = PBXBuildFile; fileRef = 49A0AB4F244268C600BCA429 /* Preview Assets.xcassets */; };
		49A0AB53244268C600BCA429 /* LaunchScreen.storyboard in Resources */ = {isa = PBXBuildFile; fileRef = 49A0AB51244268C600BCA429 /* LaunchScreen.storyboard */; };
		49A0AB5E244268C600BCA429 /* SwiftUIFirestoreTests.swift in Sources */ = {isa = PBXBuildFile; fileRef = 49A0AB5D244268C600BCA429 /* SwiftUIFirestoreTests.swift */; };
		49A0AB69244268C600BCA429 /* SwiftUIFirestoreUITests.swift in Sources */ = {isa = PBXBuildFile; fileRef = 49A0AB68244268C600BCA429 /* SwiftUIFirestoreUITests.swift */; };
		49A0AB782442694F00BCA429 /* Task.swift in Sources */ = {isa = PBXBuildFile; fileRef = 49A0AB772442694F00BCA429 /* Task.swift */; };
		49A0AB7D2442874E00BCA429 /* TaskCellViewModel.swift in Sources */ = {isa = PBXBuildFile; fileRef = 49A0AB7C2442874E00BCA429 /* TaskCellViewModel.swift */; };
		49A0AB7F24428AEE00BCA429 /* TaskListViewModel.swift in Sources */ = {isa = PBXBuildFile; fileRef = 49A0AB7E24428AEE00BCA429 /* TaskListViewModel.swift */; };
		49A0AB8324435C7300BCA429 /* GoogleService-Info.plist in Resources */ = {isa = PBXBuildFile; fileRef = 49A0AB8224435C7300BCA429 /* GoogleService-Info.plist */; };
		49A0AB862443602B00BCA429 /* TaskRepository.swift in Sources */ = {isa = PBXBuildFile; fileRef = 49A0AB852443602B00BCA429 /* TaskRepository.swift */; };
		945C9EB819F2B14A171EC316 /* Pods_SwiftUIFirestore_SwiftUIFirestoreUITests.framework in Frameworks */ = {isa = PBXBuildFile; fileRef = E6B6F6F61561A351421DC1E6 /* Pods_SwiftUIFirestore_SwiftUIFirestoreUITests.framework */; };
/* End PBXBuildFile section */

/* Begin PBXContainerItemProxy section */
		49A0AB5A244268C600BCA429 /* PBXContainerItemProxy */ = {
			isa = PBXContainerItemProxy;
			containerPortal = 49A0AB3B244268C500BCA429 /* Project object */;
			proxyType = 1;
			remoteGlobalIDString = 49A0AB42244268C500BCA429;
			remoteInfo = SwiftUIFirestore;
		};
		49A0AB65244268C600BCA429 /* PBXContainerItemProxy */ = {
			isa = PBXContainerItemProxy;
			containerPortal = 49A0AB3B244268C500BCA429 /* Project object */;
			proxyType = 1;
			remoteGlobalIDString = 49A0AB42244268C500BCA429;
			remoteInfo = SwiftUIFirestore;
		};
/* End PBXContainerItemProxy section */

/* Begin PBXFileReference section */
		13320C60314C2E32A6E711F4 /* Pods-SwiftUIFirestore-SwiftUIFirestoreUITests.release.xcconfig */ = {isa = PBXFileReference; includeInIndex = 1; lastKnownFileType = text.xcconfig; name = "Pods-SwiftUIFirestore-SwiftUIFirestoreUITests.release.xcconfig"; path = "Target Support Files/Pods-SwiftUIFirestore-SwiftUIFirestoreUITests/Pods-SwiftUIFirestore-SwiftUIFirestoreUITests.release.xcconfig"; sourceTree = "<group>"; };
		3F9D0762A19D1842153648D2 /* Pods-SwiftUIFirestore.debug.xcconfig */ = {isa = PBXFileReference; includeInIndex = 1; lastKnownFileType = text.xcconfig; name = "Pods-SwiftUIFirestore.debug.xcconfig"; path = "Target Support Files/Pods-SwiftUIFirestore/Pods-SwiftUIFirestore.debug.xcconfig"; sourceTree = "<group>"; };
		49A0AB43244268C500BCA429 /* SwiftUIFirestore.app */ = {isa = PBXFileReference; explicitFileType = wrapper.application; includeInIndex = 0; path = SwiftUIFirestore.app; sourceTree = BUILT_PRODUCTS_DIR; };
		49A0AB46244268C500BCA429 /* AppDelegate.swift */ = {isa = PBXFileReference; lastKnownFileType = sourcecode.swift; path = AppDelegate.swift; sourceTree = "<group>"; };
		49A0AB48244268C500BCA429 /* SceneDelegate.swift */ = {isa = PBXFileReference; lastKnownFileType = sourcecode.swift; path = SceneDelegate.swift; sourceTree = "<group>"; };
		49A0AB4A244268C500BCA429 /* TaskListView.swift */ = {isa = PBXFileReference; lastKnownFileType = sourcecode.swift; path = TaskListView.swift; sourceTree = "<group>"; };
		49A0AB4C244268C600BCA429 /* Assets.xcassets */ = {isa = PBXFileReference; lastKnownFileType = folder.assetcatalog; path = Assets.xcassets; sourceTree = "<group>"; };
		49A0AB4F244268C600BCA429 /* Preview Assets.xcassets */ = {isa = PBXFileReference; lastKnownFileType = folder.assetcatalog; path = "Preview Assets.xcassets"; sourceTree = "<group>"; };
		49A0AB52244268C600BCA429 /* Base */ = {isa = PBXFileReference; lastKnownFileType = file.storyboard; name = Base; path = Base.lproj/LaunchScreen.storyboard; sourceTree = "<group>"; };
		49A0AB54244268C600BCA429 /* Info.plist */ = {isa = PBXFileReference; lastKnownFileType = text.plist.xml; path = Info.plist; sourceTree = "<group>"; };
		49A0AB59244268C600BCA429 /* SwiftUIFirestoreTests.xctest */ = {isa = PBXFileReference; explicitFileType = wrapper.cfbundle; includeInIndex = 0; path = SwiftUIFirestoreTests.xctest; sourceTree = BUILT_PRODUCTS_DIR; };
		49A0AB5D244268C600BCA429 /* SwiftUIFirestoreTests.swift */ = {isa = PBXFileReference; lastKnownFileType = sourcecode.swift; path = SwiftUIFirestoreTests.swift; sourceTree = "<group>"; };
		49A0AB5F244268C600BCA429 /* Info.plist */ = {isa = PBXFileReference; lastKnownFileType = text.plist.xml; path = Info.plist; sourceTree = "<group>"; };
		49A0AB64244268C600BCA429 /* SwiftUIFirestoreUITests.xctest */ = {isa = PBXFileReference; explicitFileType = wrapper.cfbundle; includeInIndex = 0; path = SwiftUIFirestoreUITests.xctest; sourceTree = BUILT_PRODUCTS_DIR; };
		49A0AB68244268C600BCA429 /* SwiftUIFirestoreUITests.swift */ = {isa = PBXFileReference; lastKnownFileType = sourcecode.swift; path = SwiftUIFirestoreUITests.swift; sourceTree = "<group>"; };
		49A0AB6A244268C600BCA429 /* Info.plist */ = {isa = PBXFileReference; lastKnownFileType = text.plist.xml; path = Info.plist; sourceTree = "<group>"; };
		49A0AB772442694F00BCA429 /* Task.swift */ = {isa = PBXFileReference; lastKnownFileType = sourcecode.swift; path = Task.swift; sourceTree = "<group>"; };
		49A0AB7C2442874E00BCA429 /* TaskCellViewModel.swift */ = {isa = PBXFileReference; lastKnownFileType = sourcecode.swift; path = TaskCellViewModel.swift; sourceTree = "<group>"; };
		49A0AB7E24428AEE00BCA429 /* TaskListViewModel.swift */ = {isa = PBXFileReference; lastKnownFileType = sourcecode.swift; path = TaskListViewModel.swift; sourceTree = "<group>"; };
		49A0AB8224435C7300BCA429 /* GoogleService-Info.plist */ = {isa = PBXFileReference; fileEncoding = 4; lastKnownFileType = text.plist.xml; name = "GoogleService-Info.plist"; path = "../../../../Downloads/GoogleService-Info.plist"; sourceTree = "<group>"; };
		49A0AB852443602B00BCA429 /* TaskRepository.swift */ = {isa = PBXFileReference; lastKnownFileType = sourcecode.swift; path = TaskRepository.swift; sourceTree = "<group>"; };
		7765CEB78DCA1D85F2888E6E /* Pods-SwiftUIFirestore-SwiftUIFirestoreUITests.debug.xcconfig */ = {isa = PBXFileReference; includeInIndex = 1; lastKnownFileType = text.xcconfig; name = "Pods-SwiftUIFirestore-SwiftUIFirestoreUITests.debug.xcconfig"; path = "Target Support Files/Pods-SwiftUIFirestore-SwiftUIFirestoreUITests/Pods-SwiftUIFirestore-SwiftUIFirestoreUITests.debug.xcconfig"; sourceTree = "<group>"; };
		7ED115ED0D4B45FA61EC06D1 /* Pods_SwiftUIFirestoreTests.framework */ = {isa = PBXFileReference; explicitFileType = wrapper.framework; includeInIndex = 0; path = Pods_SwiftUIFirestoreTests.framework; sourceTree = BUILT_PRODUCTS_DIR; };
		85020F13F794CBDEEB819840 /* Pods-SwiftUIFirestoreTests.release.xcconfig */ = {isa = PBXFileReference; includeInIndex = 1; lastKnownFileType = text.xcconfig; name = "Pods-SwiftUIFirestoreTests.release.xcconfig"; path = "Target Support Files/Pods-SwiftUIFirestoreTests/Pods-SwiftUIFirestoreTests.release.xcconfig"; sourceTree = "<group>"; };
		87BA0B83A2AEF8D802E4F257 /* Pods_SwiftUIFirestore.framework */ = {isa = PBXFileReference; explicitFileType = wrapper.framework; includeInIndex = 0; path = Pods_SwiftUIFirestore.framework; sourceTree = BUILT_PRODUCTS_DIR; };
		E093794149935C0230B10B2C /* Pods-SwiftUIFirestore.release.xcconfig */ = {isa = PBXFileReference; includeInIndex = 1; lastKnownFileType = text.xcconfig; name = "Pods-SwiftUIFirestore.release.xcconfig"; path = "Target Support Files/Pods-SwiftUIFirestore/Pods-SwiftUIFirestore.release.xcconfig"; sourceTree = "<group>"; };
		E4E8D2321BEAF4F0D7E975D9 /* Pods-SwiftUIFirestoreTests.debug.xcconfig */ = {isa = PBXFileReference; includeInIndex = 1; lastKnownFileType = text.xcconfig; name = "Pods-SwiftUIFirestoreTests.debug.xcconfig"; path = "Target Support Files/Pods-SwiftUIFirestoreTests/Pods-SwiftUIFirestoreTests.debug.xcconfig"; sourceTree = "<group>"; };
		E6B6F6F61561A351421DC1E6 /* Pods_SwiftUIFirestore_SwiftUIFirestoreUITests.framework */ = {isa = PBXFileReference; explicitFileType = wrapper.framework; includeInIndex = 0; path = Pods_SwiftUIFirestore_SwiftUIFirestoreUITests.framework; sourceTree = BUILT_PRODUCTS_DIR; };
/* End PBXFileReference section */

/* Begin PBXFrameworksBuildPhase section */
		49A0AB40244268C500BCA429 /* Frameworks */ = {
			isa = PBXFrameworksBuildPhase;
			buildActionMask = 2147483647;
			files = (
				27F06150B0B411B2E74F67DA /* Pods_SwiftUIFirestore.framework in Frameworks */,
			);
			runOnlyForDeploymentPostprocessing = 0;
		};
		49A0AB56244268C600BCA429 /* Frameworks */ = {
			isa = PBXFrameworksBuildPhase;
			buildActionMask = 2147483647;
			files = (
				3174EA6B7356733ABBDEEAD5 /* Pods_SwiftUIFirestoreTests.framework in Frameworks */,
			);
			runOnlyForDeploymentPostprocessing = 0;
		};
		49A0AB61244268C600BCA429 /* Frameworks */ = {
			isa = PBXFrameworksBuildPhase;
			buildActionMask = 2147483647;
			files = (
				945C9EB819F2B14A171EC316 /* Pods_SwiftUIFirestore_SwiftUIFirestoreUITests.framework in Frameworks */,
			);
			runOnlyForDeploymentPostprocessing = 0;
		};
/* End PBXFrameworksBuildPhase section */

/* Begin PBXGroup section */
		0B690CF2CA1F0030A99998F5 /* Frameworks */ = {
			isa = PBXGroup;
			children = (
				87BA0B83A2AEF8D802E4F257 /* Pods_SwiftUIFirestore.framework */,
				E6B6F6F61561A351421DC1E6 /* Pods_SwiftUIFirestore_SwiftUIFirestoreUITests.framework */,
				7ED115ED0D4B45FA61EC06D1 /* Pods_SwiftUIFirestoreTests.framework */,
			);
			name = Frameworks;
			sourceTree = "<group>";
		};
		439287BB34A8DEC0221F9DE4 /* Pods */ = {
			isa = PBXGroup;
			children = (
				3F9D0762A19D1842153648D2 /* Pods-SwiftUIFirestore.debug.xcconfig */,
				E093794149935C0230B10B2C /* Pods-SwiftUIFirestore.release.xcconfig */,
				7765CEB78DCA1D85F2888E6E /* Pods-SwiftUIFirestore-SwiftUIFirestoreUITests.debug.xcconfig */,
				13320C60314C2E32A6E711F4 /* Pods-SwiftUIFirestore-SwiftUIFirestoreUITests.release.xcconfig */,
				E4E8D2321BEAF4F0D7E975D9 /* Pods-SwiftUIFirestoreTests.debug.xcconfig */,
				85020F13F794CBDEEB819840 /* Pods-SwiftUIFirestoreTests.release.xcconfig */,
			);
			path = Pods;
			sourceTree = "<group>";
		};
		49A0AB3A244268C500BCA429 = {
			isa = PBXGroup;
			children = (
				49A0AB45244268C500BCA429 /* SwiftUIFirestore */,
				49A0AB5C244268C600BCA429 /* SwiftUIFirestoreTests */,
				49A0AB67244268C600BCA429 /* SwiftUIFirestoreUITests */,
				49A0AB44244268C500BCA429 /* Products */,
				439287BB34A8DEC0221F9DE4 /* Pods */,
				0B690CF2CA1F0030A99998F5 /* Frameworks */,
			);
			sourceTree = "<group>";
		};
		49A0AB44244268C500BCA429 /* Products */ = {
			isa = PBXGroup;
			children = (
				49A0AB43244268C500BCA429 /* SwiftUIFirestore.app */,
				49A0AB59244268C600BCA429 /* SwiftUIFirestoreTests.xctest */,
				49A0AB64244268C600BCA429 /* SwiftUIFirestoreUITests.xctest */,
			);
			name = Products;
			sourceTree = "<group>";
		};
		49A0AB45244268C500BCA429 /* SwiftUIFirestore */ = {
			isa = PBXGroup;
			children = (
				49A0AB7924426B2B00BCA429 /* App */,
				49A0AB762442692800BCA429 /* Model */,
				49A0AB842443601100BCA429 /* Repositories */,
				49A0AB7A24426B5800BCA429 /* Views */,
				49A0AB7B2442872C00BCA429 /* ViewModels */,
				49A0AB4C244268C600BCA429 /* Assets.xcassets */,
				49A0AB51244268C600BCA429 /* LaunchScreen.storyboard */,
				49A0AB54244268C600BCA429 /* Info.plist */,
				49A0AB8224435C7300BCA429 /* GoogleService-Info.plist */,
				49A0AB4E244268C600BCA429 /* Preview Content */,
			);
			path = SwiftUIFirestore;
			sourceTree = "<group>";
		};
		49A0AB4E244268C600BCA429 /* Preview Content */ = {
			isa = PBXGroup;
			children = (
				49A0AB4F244268C600BCA429 /* Preview Assets.xcassets */,
			);
			path = "Preview Content";
			sourceTree = "<group>";
		};
		49A0AB5C244268C600BCA429 /* SwiftUIFirestoreTests */ = {
			isa = PBXGroup;
			children = (
				49A0AB5D244268C600BCA429 /* SwiftUIFirestoreTests.swift */,
				49A0AB5F244268C600BCA429 /* Info.plist */,
			);
			path = SwiftUIFirestoreTests;
			sourceTree = "<group>";
		};
		49A0AB67244268C600BCA429 /* SwiftUIFirestoreUITests */ = {
			isa = PBXGroup;
			children = (
				49A0AB68244268C600BCA429 /* SwiftUIFirestoreUITests.swift */,
				49A0AB6A244268C600BCA429 /* Info.plist */,
			);
			path = SwiftUIFirestoreUITests;
			sourceTree = "<group>";
		};
		49A0AB762442692800BCA429 /* Model */ = {
			isa = PBXGroup;
			children = (
				49A0AB772442694F00BCA429 /* Task.swift */,
			);
			path = Model;
			sourceTree = "<group>";
		};
		49A0AB7924426B2B00BCA429 /* App */ = {
			isa = PBXGroup;
			children = (
				49A0AB46244268C500BCA429 /* AppDelegate.swift */,
				49A0AB48244268C500BCA429 /* SceneDelegate.swift */,
			);
			path = App;
			sourceTree = "<group>";
		};
		49A0AB7A24426B5800BCA429 /* Views */ = {
			isa = PBXGroup;
			children = (
				49A0AB4A244268C500BCA429 /* TaskListView.swift */,
			);
			path = Views;
			sourceTree = "<group>";
		};
		49A0AB7B2442872C00BCA429 /* ViewModels */ = {
			isa = PBXGroup;
			children = (
				49A0AB7C2442874E00BCA429 /* TaskCellViewModel.swift */,
				49A0AB7E24428AEE00BCA429 /* TaskListViewModel.swift */,
			);
			path = ViewModels;
			sourceTree = "<group>";
		};
		49A0AB842443601100BCA429 /* Repositories */ = {
			isa = PBXGroup;
			children = (
				49A0AB852443602B00BCA429 /* TaskRepository.swift */,
			);
			path = Repositories;
			sourceTree = "<group>";
		};
/* End PBXGroup section */

/* Begin PBXNativeTarget section */
		49A0AB42244268C500BCA429 /* SwiftUIFirestore */ = {
			isa = PBXNativeTarget;
			buildConfigurationList = 49A0AB6D244268C600BCA429 /* Build configuration list for PBXNativeTarget "SwiftUIFirestore" */;
			buildPhases = (
				62D45E419D05CC04C2533EFB /* [CP] Check Pods Manifest.lock */,
				49A0AB3F244268C500BCA429 /* Sources */,
				49A0AB40244268C500BCA429 /* Frameworks */,
				49A0AB41244268C500BCA429 /* Resources */,
				4A568AA5BEEB95590BB3BE62 /* [CP] Embed Pods Frameworks */,
			);
			buildRules = (
			);
			dependencies = (
			);
			name = SwiftUIFirestore;
			productName = SwiftUIFirestore;
			productReference = 49A0AB43244268C500BCA429 /* SwiftUIFirestore.app */;
			productType = "com.apple.product-type.application";
		};
		49A0AB58244268C600BCA429 /* SwiftUIFirestoreTests */ = {
			isa = PBXNativeTarget;
			buildConfigurationList = 49A0AB70244268C600BCA429 /* Build configuration list for PBXNativeTarget "SwiftUIFirestoreTests" */;
			buildPhases = (
				8369E82D972E814A95003402 /* [CP] Check Pods Manifest.lock */,
				49A0AB55244268C600BCA429 /* Sources */,
				49A0AB56244268C600BCA429 /* Frameworks */,
				49A0AB57244268C600BCA429 /* Resources */,
			);
			buildRules = (
			);
			dependencies = (
				49A0AB5B244268C600BCA429 /* PBXTargetDependency */,
			);
			name = SwiftUIFirestoreTests;
			productName = SwiftUIFirestoreTests;
			productReference = 49A0AB59244268C600BCA429 /* SwiftUIFirestoreTests.xctest */;
			productType = "com.apple.product-type.bundle.unit-test";
		};
		49A0AB63244268C600BCA429 /* SwiftUIFirestoreUITests */ = {
			isa = PBXNativeTarget;
			buildConfigurationList = 49A0AB73244268C600BCA429 /* Build configuration list for PBXNativeTarget "SwiftUIFirestoreUITests" */;
			buildPhases = (
				8FCFBD81C9EDF92C32EFA49C /* [CP] Check Pods Manifest.lock */,
				49A0AB60244268C600BCA429 /* Sources */,
				49A0AB61244268C600BCA429 /* Frameworks */,
				49A0AB62244268C600BCA429 /* Resources */,
				54F088814D9E9BD9020CA4D8 /* [CP] Embed Pods Frameworks */,
			);
			buildRules = (
			);
			dependencies = (
				49A0AB66244268C600BCA429 /* PBXTargetDependency */,
			);
			name = SwiftUIFirestoreUITests;
			productName = SwiftUIFirestoreUITests;
			productReference = 49A0AB64244268C600BCA429 /* SwiftUIFirestoreUITests.xctest */;
			productType = "com.apple.product-type.bundle.ui-testing";
		};
/* End PBXNativeTarget section */

/* Begin PBXProject section */
		49A0AB3B244268C500BCA429 /* Project object */ = {
			isa = PBXProject;
			attributes = {
				LastSwiftUpdateCheck = 1140;
				LastUpgradeCheck = 1140;
				ORGANIZATIONNAME = "Nicholas Haley";
				TargetAttributes = {
					49A0AB42244268C500BCA429 = {
						CreatedOnToolsVersion = 11.4;
					};
					49A0AB58244268C600BCA429 = {
						CreatedOnToolsVersion = 11.4;
						TestTargetID = 49A0AB42244268C500BCA429;
					};
					49A0AB63244268C600BCA429 = {
						CreatedOnToolsVersion = 11.4;
						TestTargetID = 49A0AB42244268C500BCA429;
					};
				};
			};
			buildConfigurationList = 49A0AB3E244268C500BCA429 /* Build configuration list for PBXProject "SwiftUIFirestore" */;
			compatibilityVersion = "Xcode 9.3";
			developmentRegion = en;
			hasScannedForEncodings = 0;
			knownRegions = (
				en,
				Base,
			);
			mainGroup = 49A0AB3A244268C500BCA429;
			productRefGroup = 49A0AB44244268C500BCA429 /* Products */;
			projectDirPath = "";
			projectRoot = "";
			targets = (
				49A0AB42244268C500BCA429 /* SwiftUIFirestore */,
				49A0AB58244268C600BCA429 /* SwiftUIFirestoreTests */,
				49A0AB63244268C600BCA429 /* SwiftUIFirestoreUITests */,
			);
		};
/* End PBXProject section */

/* Begin PBXResourcesBuildPhase section */
		49A0AB41244268C500BCA429 /* Resources */ = {
			isa = PBXResourcesBuildPhase;
			buildActionMask = 2147483647;
			files = (
				49A0AB53244268C600BCA429 /* LaunchScreen.storyboard in Resources */,
				49A0AB8324435C7300BCA429 /* GoogleService-Info.plist in Resources */,
				49A0AB50244268C600BCA429 /* Preview Assets.xcassets in Resources */,
				49A0AB4D244268C600BCA429 /* Assets.xcassets in Resources */,
			);
			runOnlyForDeploymentPostprocessing = 0;
		};
		49A0AB57244268C600BCA429 /* Resources */ = {
			isa = PBXResourcesBuildPhase;
			buildActionMask = 2147483647;
			files = (
			);
			runOnlyForDeploymentPostprocessing = 0;
		};
		49A0AB62244268C600BCA429 /* Resources */ = {
			isa = PBXResourcesBuildPhase;
			buildActionMask = 2147483647;
			files = (
			);
			runOnlyForDeploymentPostprocessing = 0;
		};
/* End PBXResourcesBuildPhase section */

/* Begin PBXShellScriptBuildPhase section */
		4A568AA5BEEB95590BB3BE62 /* [CP] Embed Pods Frameworks */ = {
			isa = PBXShellScriptBuildPhase;
			buildActionMask = 2147483647;
			files = (
			);
			inputFileListPaths = (
				"${PODS_ROOT}/Target Support Files/Pods-SwiftUIFirestore/Pods-SwiftUIFirestore-frameworks-${CONFIGURATION}-input-files.xcfilelist",
			);
			name = "[CP] Embed Pods Frameworks";
			outputFileListPaths = (
				"${PODS_ROOT}/Target Support Files/Pods-SwiftUIFirestore/Pods-SwiftUIFirestore-frameworks-${CONFIGURATION}-output-files.xcfilelist",
			);
			runOnlyForDeploymentPostprocessing = 0;
			shellPath = /bin/sh;
			shellScript = "\"${PODS_ROOT}/Target Support Files/Pods-SwiftUIFirestore/Pods-SwiftUIFirestore-frameworks.sh\"\n";
			showEnvVarsInLog = 0;
		};
		54F088814D9E9BD9020CA4D8 /* [CP] Embed Pods Frameworks */ = {
			isa = PBXShellScriptBuildPhase;
			buildActionMask = 2147483647;
			files = (
			);
			inputFileListPaths = (
				"${PODS_ROOT}/Target Support Files/Pods-SwiftUIFirestore-SwiftUIFirestoreUITests/Pods-SwiftUIFirestore-SwiftUIFirestoreUITests-frameworks-${CONFIGURATION}-input-files.xcfilelist",
			);
			name = "[CP] Embed Pods Frameworks";
			outputFileListPaths = (
				"${PODS_ROOT}/Target Support Files/Pods-SwiftUIFirestore-SwiftUIFirestoreUITests/Pods-SwiftUIFirestore-SwiftUIFirestoreUITests-frameworks-${CONFIGURATION}-output-files.xcfilelist",
			);
			runOnlyForDeploymentPostprocessing = 0;
			shellPath = /bin/sh;
			shellScript = "\"${PODS_ROOT}/Target Support Files/Pods-SwiftUIFirestore-SwiftUIFirestoreUITests/Pods-SwiftUIFirestore-SwiftUIFirestoreUITests-frameworks.sh\"\n";
			showEnvVarsInLog = 0;
		};
		62D45E419D05CC04C2533EFB /* [CP] Check Pods Manifest.lock */ = {
			isa = PBXShellScriptBuildPhase;
			buildActionMask = 2147483647;
			files = (
			);
			inputFileListPaths = (
			);
			inputPaths = (
				"${PODS_PODFILE_DIR_PATH}/Podfile.lock",
				"${PODS_ROOT}/Manifest.lock",
			);
			name = "[CP] Check Pods Manifest.lock";
			outputFileListPaths = (
			);
			outputPaths = (
				"$(DERIVED_FILE_DIR)/Pods-SwiftUIFirestore-checkManifestLockResult.txt",
			);
			runOnlyForDeploymentPostprocessing = 0;
			shellPath = /bin/sh;
			shellScript = "diff \"${PODS_PODFILE_DIR_PATH}/Podfile.lock\" \"${PODS_ROOT}/Manifest.lock\" > /dev/null\nif [ $? != 0 ] ; then\n    # print error to STDERR\n    echo \"error: The sandbox is not in sync with the Podfile.lock. Run 'pod install' or update your CocoaPods installation.\" >&2\n    exit 1\nfi\n# This output is used by Xcode 'outputs' to avoid re-running this script phase.\necho \"SUCCESS\" > \"${SCRIPT_OUTPUT_FILE_0}\"\n";
			showEnvVarsInLog = 0;
		};
		8369E82D972E814A95003402 /* [CP] Check Pods Manifest.lock */ = {
			isa = PBXShellScriptBuildPhase;
			buildActionMask = 2147483647;
			files = (
			);
			inputFileListPaths = (
			);
			inputPaths = (
				"${PODS_PODFILE_DIR_PATH}/Podfile.lock",
				"${PODS_ROOT}/Manifest.lock",
			);
			name = "[CP] Check Pods Manifest.lock";
			outputFileListPaths = (
			);
			outputPaths = (
				"$(DERIVED_FILE_DIR)/Pods-SwiftUIFirestoreTests-checkManifestLockResult.txt",
			);
			runOnlyForDeploymentPostprocessing = 0;
			shellPath = /bin/sh;
			shellScript = "diff \"${PODS_PODFILE_DIR_PATH}/Podfile.lock\" \"${PODS_ROOT}/Manifest.lock\" > /dev/null\nif [ $? != 0 ] ; then\n    # print error to STDERR\n    echo \"error: The sandbox is not in sync with the Podfile.lock. Run 'pod install' or update your CocoaPods installation.\" >&2\n    exit 1\nfi\n# This output is used by Xcode 'outputs' to avoid re-running this script phase.\necho \"SUCCESS\" > \"${SCRIPT_OUTPUT_FILE_0}\"\n";
			showEnvVarsInLog = 0;
		};
		8FCFBD81C9EDF92C32EFA49C /* [CP] Check Pods Manifest.lock */ = {
			isa = PBXShellScriptBuildPhase;
			buildActionMask = 2147483647;
			files = (
			);
			inputFileListPaths = (
			);
			inputPaths = (
				"${PODS_PODFILE_DIR_PATH}/Podfile.lock",
				"${PODS_ROOT}/Manifest.lock",
			);
			name = "[CP] Check Pods Manifest.lock";
			outputFileListPaths = (
			);
			outputPaths = (
				"$(DERIVED_FILE_DIR)/Pods-SwiftUIFirestore-SwiftUIFirestoreUITests-checkManifestLockResult.txt",
			);
			runOnlyForDeploymentPostprocessing = 0;
			shellPath = /bin/sh;
			shellScript = "diff \"${PODS_PODFILE_DIR_PATH}/Podfile.lock\" \"${PODS_ROOT}/Manifest.lock\" > /dev/null\nif [ $? != 0 ] ; then\n    # print error to STDERR\n    echo \"error: The sandbox is not in sync with the Podfile.lock. Run 'pod install' or update your CocoaPods installation.\" >&2\n    exit 1\nfi\n# This output is used by Xcode 'outputs' to avoid re-running this script phase.\necho \"SUCCESS\" > \"${SCRIPT_OUTPUT_FILE_0}\"\n";
			showEnvVarsInLog = 0;
		};
/* End PBXShellScriptBuildPhase section */

/* Begin PBXSourcesBuildPhase section */
		49A0AB3F244268C500BCA429 /* Sources */ = {
			isa = PBXSourcesBuildPhase;
			buildActionMask = 2147483647;
			files = (
				49A0AB782442694F00BCA429 /* Task.swift in Sources */,
				49A0AB47244268C500BCA429 /* AppDelegate.swift in Sources */,
				49A0AB49244268C500BCA429 /* SceneDelegate.swift in Sources */,
				49A0AB4B244268C500BCA429 /* TaskListView.swift in Sources */,
				49A0AB7D2442874E00BCA429 /* TaskCellViewModel.swift in Sources */,
				49A0AB7F24428AEE00BCA429 /* TaskListViewModel.swift in Sources */,
				49A0AB862443602B00BCA429 /* TaskRepository.swift in Sources */,
			);
			runOnlyForDeploymentPostprocessing = 0;
		};
		49A0AB55244268C600BCA429 /* Sources */ = {
			isa = PBXSourcesBuildPhase;
			buildActionMask = 2147483647;
			files = (
				49A0AB5E244268C600BCA429 /* SwiftUIFirestoreTests.swift in Sources */,
			);
			runOnlyForDeploymentPostprocessing = 0;
		};
		49A0AB60244268C600BCA429 /* Sources */ = {
			isa = PBXSourcesBuildPhase;
			buildActionMask = 2147483647;
			files = (
				49A0AB69244268C600BCA429 /* SwiftUIFirestoreUITests.swift in Sources */,
			);
			runOnlyForDeploymentPostprocessing = 0;
		};
/* End PBXSourcesBuildPhase section */

/* Begin PBXTargetDependency section */
		49A0AB5B244268C600BCA429 /* PBXTargetDependency */ = {
			isa = PBXTargetDependency;
			target = 49A0AB42244268C500BCA429 /* SwiftUIFirestore */;
			targetProxy = 49A0AB5A244268C600BCA429 /* PBXContainerItemProxy */;
		};
		49A0AB66244268C600BCA429 /* PBXTargetDependency */ = {
			isa = PBXTargetDependency;
			target = 49A0AB42244268C500BCA429 /* SwiftUIFirestore */;
			targetProxy = 49A0AB65244268C600BCA429 /* PBXContainerItemProxy */;
		};
/* End PBXTargetDependency section */

/* Begin PBXVariantGroup section */
		49A0AB51244268C600BCA429 /* LaunchScreen.storyboard */ = {
			isa = PBXVariantGroup;
			children = (
				49A0AB52244268C600BCA429 /* Base */,
			);
			name = LaunchScreen.storyboard;
			sourceTree = "<group>";
		};
/* End PBXVariantGroup section */

/* Begin XCBuildConfiguration section */
		49A0AB6B244268C600BCA429 /* Debug */ = {
			isa = XCBuildConfiguration;
			buildSettings = {
				ALWAYS_SEARCH_USER_PATHS = NO;
				CLANG_ANALYZER_NONNULL = YES;
				CLANG_ANALYZER_NUMBER_OBJECT_CONVERSION = YES_AGGRESSIVE;
				CLANG_CXX_LANGUAGE_STANDARD = "gnu++14";
				CLANG_CXX_LIBRARY = "libc++";
				CLANG_ENABLE_MODULES = YES;
				CLANG_ENABLE_OBJC_ARC = YES;
				CLANG_ENABLE_OBJC_WEAK = YES;
				CLANG_WARN_BLOCK_CAPTURE_AUTORELEASING = YES;
				CLANG_WARN_BOOL_CONVERSION = YES;
				CLANG_WARN_COMMA = YES;
				CLANG_WARN_CONSTANT_CONVERSION = YES;
				CLANG_WARN_DEPRECATED_OBJC_IMPLEMENTATIONS = YES;
				CLANG_WARN_DIRECT_OBJC_ISA_USAGE = YES_ERROR;
				CLANG_WARN_DOCUMENTATION_COMMENTS = YES;
				CLANG_WARN_EMPTY_BODY = YES;
				CLANG_WARN_ENUM_CONVERSION = YES;
				CLANG_WARN_INFINITE_RECURSION = YES;
				CLANG_WARN_INT_CONVERSION = YES;
				CLANG_WARN_NON_LITERAL_NULL_CONVERSION = YES;
				CLANG_WARN_OBJC_IMPLICIT_RETAIN_SELF = YES;
				CLANG_WARN_OBJC_LITERAL_CONVERSION = YES;
				CLANG_WARN_OBJC_ROOT_CLASS = YES_ERROR;
				CLANG_WARN_RANGE_LOOP_ANALYSIS = YES;
				CLANG_WARN_STRICT_PROTOTYPES = YES;
				CLANG_WARN_SUSPICIOUS_MOVE = YES;
				CLANG_WARN_UNGUARDED_AVAILABILITY = YES_AGGRESSIVE;
				CLANG_WARN_UNREACHABLE_CODE = YES;
				CLANG_WARN__DUPLICATE_METHOD_MATCH = YES;
				COPY_PHASE_STRIP = NO;
				DEBUG_INFORMATION_FORMAT = dwarf;
				ENABLE_STRICT_OBJC_MSGSEND = YES;
				ENABLE_TESTABILITY = YES;
				GCC_C_LANGUAGE_STANDARD = gnu11;
				GCC_DYNAMIC_NO_PIC = NO;
				GCC_NO_COMMON_BLOCKS = YES;
				GCC_OPTIMIZATION_LEVEL = 0;
				GCC_PREPROCESSOR_DEFINITIONS = (
					"DEBUG=1",
					"$(inherited)",
				);
				GCC_WARN_64_TO_32_BIT_CONVERSION = YES;
				GCC_WARN_ABOUT_RETURN_TYPE = YES_ERROR;
				GCC_WARN_UNDECLARED_SELECTOR = YES;
				GCC_WARN_UNINITIALIZED_AUTOS = YES_AGGRESSIVE;
				GCC_WARN_UNUSED_FUNCTION = YES;
				GCC_WARN_UNUSED_VARIABLE = YES;
				IPHONEOS_DEPLOYMENT_TARGET = 13.4;
				MTL_ENABLE_DEBUG_INFO = INCLUDE_SOURCE;
				MTL_FAST_MATH = YES;
				ONLY_ACTIVE_ARCH = YES;
				SDKROOT = iphoneos;
				SWIFT_ACTIVE_COMPILATION_CONDITIONS = DEBUG;
				SWIFT_OPTIMIZATION_LEVEL = "-Onone";
			};
			name = Debug;
		};
		49A0AB6C244268C600BCA429 /* Release */ = {
			isa = XCBuildConfiguration;
			buildSettings = {
				ALWAYS_SEARCH_USER_PATHS = NO;
				CLANG_ANALYZER_NONNULL = YES;
				CLANG_ANALYZER_NUMBER_OBJECT_CONVERSION = YES_AGGRESSIVE;
				CLANG_CXX_LANGUAGE_STANDARD = "gnu++14";
				CLANG_CXX_LIBRARY = "libc++";
				CLANG_ENABLE_MODULES = YES;
				CLANG_ENABLE_OBJC_ARC = YES;
				CLANG_ENABLE_OBJC_WEAK = YES;
				CLANG_WARN_BLOCK_CAPTURE_AUTORELEASING = YES;
				CLANG_WARN_BOOL_CONVERSION = YES;
				CLANG_WARN_COMMA = YES;
				CLANG_WARN_CONSTANT_CONVERSION = YES;
				CLANG_WARN_DEPRECATED_OBJC_IMPLEMENTATIONS = YES;
				CLANG_WARN_DIRECT_OBJC_ISA_USAGE = YES_ERROR;
				CLANG_WARN_DOCUMENTATION_COMMENTS = YES;
				CLANG_WARN_EMPTY_BODY = YES;
				CLANG_WARN_ENUM_CONVERSION = YES;
				CLANG_WARN_INFINITE_RECURSION = YES;
				CLANG_WARN_INT_CONVERSION = YES;
				CLANG_WARN_NON_LITERAL_NULL_CONVERSION = YES;
				CLANG_WARN_OBJC_IMPLICIT_RETAIN_SELF = YES;
				CLANG_WARN_OBJC_LITERAL_CONVERSION = YES;
				CLANG_WARN_OBJC_ROOT_CLASS = YES_ERROR;
				CLANG_WARN_RANGE_LOOP_ANALYSIS = YES;
				CLANG_WARN_STRICT_PROTOTYPES = YES;
				CLANG_WARN_SUSPICIOUS_MOVE = YES;
				CLANG_WARN_UNGUARDED_AVAILABILITY = YES_AGGRESSIVE;
				CLANG_WARN_UNREACHABLE_CODE = YES;
				CLANG_WARN__DUPLICATE_METHOD_MATCH = YES;
				COPY_PHASE_STRIP = NO;
				DEBUG_INFORMATION_FORMAT = "dwarf-with-dsym";
				ENABLE_NS_ASSERTIONS = NO;
				ENABLE_STRICT_OBJC_MSGSEND = YES;
				GCC_C_LANGUAGE_STANDARD = gnu11;
				GCC_NO_COMMON_BLOCKS = YES;
				GCC_WARN_64_TO_32_BIT_CONVERSION = YES;
				GCC_WARN_ABOUT_RETURN_TYPE = YES_ERROR;
				GCC_WARN_UNDECLARED_SELECTOR = YES;
				GCC_WARN_UNINITIALIZED_AUTOS = YES_AGGRESSIVE;
				GCC_WARN_UNUSED_FUNCTION = YES;
				GCC_WARN_UNUSED_VARIABLE = YES;
				IPHONEOS_DEPLOYMENT_TARGET = 13.4;
				MTL_ENABLE_DEBUG_INFO = NO;
				MTL_FAST_MATH = YES;
				SDKROOT = iphoneos;
				SWIFT_COMPILATION_MODE = wholemodule;
				SWIFT_OPTIMIZATION_LEVEL = "-O";
				VALIDATE_PRODUCT = YES;
			};
			name = Release;
		};
		49A0AB6E244268C600BCA429 /* Debug */ = {
			isa = XCBuildConfiguration;
			baseConfigurationReference = 3F9D0762A19D1842153648D2 /* Pods-SwiftUIFirestore.debug.xcconfig */;
			buildSettings = {
				ASSETCATALOG_COMPILER_APPICON_NAME = AppIcon;
				CODE_SIGN_STYLE = Automatic;
				DEVELOPMENT_ASSET_PATHS = "\"SwiftUIFirestore/Preview Content\"";
				ENABLE_PREVIEWS = YES;
				INFOPLIST_FILE = SwiftUIFirestore/Info.plist;
				LD_RUNPATH_SEARCH_PATHS = (
					"$(inherited)",
					"@executable_path/Frameworks",
				);
				PRODUCT_BUNDLE_IDENTIFIER = Ada.SwiftUIFirestore;
				PRODUCT_NAME = "$(TARGET_NAME)";
				SWIFT_VERSION = 5.0;
				TARGETED_DEVICE_FAMILY = "1,2";
			};
			name = Debug;
		};
		49A0AB6F244268C600BCA429 /* Release */ = {
			isa = XCBuildConfiguration;
			baseConfigurationReference = E093794149935C0230B10B2C /* Pods-SwiftUIFirestore.release.xcconfig */;
			buildSettings = {
				ASSETCATALOG_COMPILER_APPICON_NAME = AppIcon;
				CODE_SIGN_STYLE = Automatic;
				DEVELOPMENT_ASSET_PATHS = "\"SwiftUIFirestore/Preview Content\"";
				ENABLE_PREVIEWS = YES;
				INFOPLIST_FILE = SwiftUIFirestore/Info.plist;
				LD_RUNPATH_SEARCH_PATHS = (
					"$(inherited)",
					"@executable_path/Frameworks",
				);
				PRODUCT_BUNDLE_IDENTIFIER = Ada.SwiftUIFirestore;
				PRODUCT_NAME = "$(TARGET_NAME)";
				SWIFT_VERSION = 5.0;
				TARGETED_DEVICE_FAMILY = "1,2";
			};
			name = Release;
		};
		49A0AB71244268C600BCA429 /* Debug */ = {
			isa = XCBuildConfiguration;
			baseConfigurationReference = E4E8D2321BEAF4F0D7E975D9 /* Pods-SwiftUIFirestoreTests.debug.xcconfig */;
			buildSettings = {
				ALWAYS_EMBED_SWIFT_STANDARD_LIBRARIES = YES;
				BUNDLE_LOADER = "$(TEST_HOST)";
				CODE_SIGN_STYLE = Automatic;
				INFOPLIST_FILE = SwiftUIFirestoreTests/Info.plist;
				IPHONEOS_DEPLOYMENT_TARGET = 13.4;
				LD_RUNPATH_SEARCH_PATHS = (
					"$(inherited)",
					"@executable_path/Frameworks",
					"@loader_path/Frameworks",
				);
				PRODUCT_BUNDLE_IDENTIFIER = Ada.SwiftUIFirestoreTests;
				PRODUCT_NAME = "$(TARGET_NAME)";
				SWIFT_VERSION = 5.0;
				TARGETED_DEVICE_FAMILY = "1,2";
				TEST_HOST = "$(BUILT_PRODUCTS_DIR)/SwiftUIFirestore.app/SwiftUIFirestore";
			};
			name = Debug;
		};
		49A0AB72244268C600BCA429 /* Release */ = {
			isa = XCBuildConfiguration;
			baseConfigurationReference = 85020F13F794CBDEEB819840 /* Pods-SwiftUIFirestoreTests.release.xcconfig */;
			buildSettings = {
				ALWAYS_EMBED_SWIFT_STANDARD_LIBRARIES = YES;
				BUNDLE_LOADER = "$(TEST_HOST)";
				CODE_SIGN_STYLE = Automatic;
				INFOPLIST_FILE = SwiftUIFirestoreTests/Info.plist;
				IPHONEOS_DEPLOYMENT_TARGET = 13.4;
				LD_RUNPATH_SEARCH_PATHS = (
					"$(inherited)",
					"@executable_path/Frameworks",
					"@loader_path/Frameworks",
				);
				PRODUCT_BUNDLE_IDENTIFIER = Ada.SwiftUIFirestoreTests;
				PRODUCT_NAME = "$(TARGET_NAME)";
				SWIFT_VERSION = 5.0;
				TARGETED_DEVICE_FAMILY = "1,2";
				TEST_HOST = "$(BUILT_PRODUCTS_DIR)/SwiftUIFirestore.app/SwiftUIFirestore";
			};
			name = Release;
		};
		49A0AB74244268C600BCA429 /* Debug */ = {
			isa = XCBuildConfiguration;
			baseConfigurationReference = 7765CEB78DCA1D85F2888E6E /* Pods-SwiftUIFirestore-SwiftUIFirestoreUITests.debug.xcconfig */;
			buildSettings = {
				ALWAYS_EMBED_SWIFT_STANDARD_LIBRARIES = YES;
				CODE_SIGN_STYLE = Automatic;
				INFOPLIST_FILE = SwiftUIFirestoreUITests/Info.plist;
				LD_RUNPATH_SEARCH_PATHS = (
					"$(inherited)",
					"@executable_path/Frameworks",
					"@loader_path/Frameworks",
				);
				PRODUCT_BUNDLE_IDENTIFIER = Ada.SwiftUIFirestoreUITests;
				PRODUCT_NAME = "$(TARGET_NAME)";
				SWIFT_VERSION = 5.0;
				TARGETED_DEVICE_FAMILY = "1,2";
				TEST_TARGET_NAME = SwiftUIFirestore;
			};
			name = Debug;
		};
		49A0AB75244268C600BCA429 /* Release */ = {
			isa = XCBuildConfiguration;
			baseConfigurationReference = 13320C60314C2E32A6E711F4 /* Pods-SwiftUIFirestore-SwiftUIFirestoreUITests.release.xcconfig */;
			buildSettings = {
				ALWAYS_EMBED_SWIFT_STANDARD_LIBRARIES = YES;
				CODE_SIGN_STYLE = Automatic;
				INFOPLIST_FILE = SwiftUIFirestoreUITests/Info.plist;
				LD_RUNPATH_SEARCH_PATHS = (
					"$(inherited)",
					"@executable_path/Frameworks",
					"@loader_path/Frameworks",
				);
				PRODUCT_BUNDLE_IDENTIFIER = Ada.SwiftUIFirestoreUITests;
				PRODUCT_NAME = "$(TARGET_NAME)";
				SWIFT_VERSION = 5.0;
				TARGETED_DEVICE_FAMILY = "1,2";
				TEST_TARGET_NAME = SwiftUIFirestore;
			};
			name = Release;
		};
/* End XCBuildConfiguration section */

/* Begin XCConfigurationList section */
		49A0AB3E244268C500BCA429 /* Build configuration list for PBXProject "SwiftUIFirestore" */ = {
			isa = XCConfigurationList;
			buildConfigurations = (
				49A0AB6B244268C600BCA429 /* Debug */,
				49A0AB6C244268C600BCA429 /* Release */,
			);
			defaultConfigurationIsVisible = 0;
			defaultConfigurationName = Release;
		};
		49A0AB6D244268C600BCA429 /* Build configuration list for PBXNativeTarget "SwiftUIFirestore" */ = {
			isa = XCConfigurationList;
			buildConfigurations = (
				49A0AB6E244268C600BCA429 /* Debug */,
				49A0AB6F244268C600BCA429 /* Release */,
			);
			defaultConfigurationIsVisible = 0;
			defaultConfigurationName = Release;
		};
		49A0AB70244268C600BCA429 /* Build configuration list for PBXNativeTarget "SwiftUIFirestoreTests" */ = {
			isa = XCConfigurationList;
			buildConfigurations = (
				49A0AB71244268C600BCA429 /* Debug */,
				49A0AB72244268C600BCA429 /* Release */,
			);
			defaultConfigurationIsVisible = 0;
			defaultConfigurationName = Release;
		};
		49A0AB73244268C600BCA429 /* Build configuration list for PBXNativeTarget "SwiftUIFirestoreUITests" */ = {
			isa = XCConfigurationList;
			buildConfigurations = (
				49A0AB74244268C600BCA429 /* Debug */,
				49A0AB75244268C600BCA429 /* Release */,
			);
			defaultConfigurationIsVisible = 0;
			defaultConfigurationName = Release;
		};
/* End XCConfigurationList section */
	};
	rootObject = 49A0AB3B244268C500BCA429 /* Project object */;
}
